
Microsoft Visual Studio Solution File, Format Version 12.00
# Visual Studio Version 17
VisualStudioVersion = 17.9.34728.123
MinimumVisualStudioVersion = 10.0.40219.1
Project("{FAE04EC0-301F-11D3-BF4B-00C04F79EFBC}") = "MVCFRIB", "MVCFRIB.csproj", "{24348FF6-A6F2-4361-9868-CA4FDCA3A450}"
EndProject
Global
	GlobalSection(SolutionConfigurationPlatforms) = preSolution
		Debug|Any CPU = Debug|Any CPU
		Release|Any CPU = Release|Any CPU
	EndGlobalSection
	GlobalSection(ProjectConfigurationPlatforms) = postSolution
		{24348FF6-A6F2-4361-9868-CA4FDCA3A450}.Debug|Any CPU.ActiveCfg = Debug|Any CPU
		{24348FF6-A6F2-4361-9868-CA4FDCA3A450}.Debug|Any CPU.Build.0 = Debug|Any CPU
		{24348FF6-A6F2-4361-9868-CA4FDCA3A450}.Release|Any CPU.ActiveCfg = Release|Any CPU
		{24348FF6-A6F2-4361-9868-CA4FDCA3A450}.Release|Any CPU.Build.0 = Release|Any CPU
	EndGlobalSection
	GlobalSection(SolutionProperties) = preSolution
		HideSolutionNode = FALSE
	EndGlobalSection
	GlobalSection(ExtensibilityGlobals) = postSolution
		SolutionGuid = {D3A166E8-EC97-4275-83F4-823CFDC038BB}
	EndGlobalSection
EndGlobal
